{
  "name": "lhh-fire-watch-binder",
  "version": "1.0.0",
  "lockfileVersion": 3,
  "requires": true,
  "packages": {
    "": {
      "name": "lhh-fire-watch-binder",
      "version": "1.0.0",
      "engines": {
        "node": ">=20"
      },
      "dependencies": {
        "puppeteer": "24.16.0"
      }
    }
  }
}
